// !$*UTF8*$!
{
	archiveVersion = 1;
	classes = {
	};
	objectVersion = 46;
	objects = {

/* Begin PBXBuildFile section */
		E220E07A161B1D9C00899612 /* Template.ods in Resources */ = {isa = PBXBuildFile; fileRef = E2D3CDE1161AC4D20036D796 /* Template.ods */; };
		E220E081161B21C500899612 /* spreadsheet.png in Resources */ = {isa = PBXBuildFile; fileRef = E220E080161B21C500899612 /* spreadsheet.png */; };
		E220E085161B221800899612 /* spreadsheet.icns in Resources */ = {isa = PBXBuildFile; fileRef = E220E084161B221800899612 /* spreadsheet.icns */; };
		E2A7F27B16152793006D8A4A /* Template.xlsx in Resources */ = {isa = PBXBuildFile; fileRef = E2A7F27A16152793006D8A4A /* Template.xlsx */; };
		E2CED41F161430ED00E593F7 /* Cocoa.framework in Frameworks */ = {isa = PBXBuildFile; fileRef = E2CED41E161430ED00E593F7 /* Cocoa.framework */; };
		E2CED429161430ED00E593F7 /* InfoPlist.strings in Resources */ = {isa = PBXBuildFile; fileRef = E2CED427161430ED00E593F7 /* InfoPlist.strings */; };
		E2CED42B161430ED00E593F7 /* main.m in Sources */ = {isa = PBXBuildFile; fileRef = E2CED42A161430ED00E593F7 /* main.m */; };
		E2CED42F161430ED00E593F7 /* Credits.rtf in Resources */ = {isa = PBXBuildFile; fileRef = E2CED42D161430ED00E593F7 /* Credits.rtf */; };
		E2CED432161430ED00E593F7 /* EWAppDelegate.m in Sources */ = {isa = PBXBuildFile; fileRef = E2CED431161430ED00E593F7 /* EWAppDelegate.m */; };
		E2CED435161430ED00E593F7 /* MainMenu.xib in Resources */ = {isa = PBXBuildFile; fileRef = E2CED433161430ED00E593F7 /* MainMenu.xib */; };
		E2CED4521614523800E593F7 /* SSZipArchive.m in Sources */ = {isa = PBXBuildFile; fileRef = E2CED4511614523800E593F7 /* SSZipArchive.m */; };
		E2CED45D161454BB00E593F7 /* ioapi.c in Sources */ = {isa = PBXBuildFile; fileRef = E2CED455161454BB00E593F7 /* ioapi.c */; };
		E2CED45E161454BB00E593F7 /* mztools.c in Sources */ = {isa = PBXBuildFile; fileRef = E2CED457161454BB00E593F7 /* mztools.c */; };
		E2CED45F161454BB00E593F7 /* unzip.c in Sources */ = {isa = PBXBuildFile; fileRef = E2CED459161454BB00E593F7 /* unzip.c */; };
		E2CED460161454BB00E593F7 /* zip.c in Sources */ = {isa = PBXBuildFile; fileRef = E2CED45B161454BB00E593F7 /* zip.c */; };
		E2CED4621614551800E593F7 /* libz.dylib in Frameworks */ = {isa = PBXBuildFile; fileRef = E2CED4611614551800E593F7 /* libz.dylib */; };
		E2CED465161455A700E593F7 /* SpreadsheetWriter.m in Sources */ = {isa = PBXBuildFile; fileRef = E2CED464161455A700E593F7 /* SpreadsheetWriter.m */; };
/* End PBXBuildFile section */

/* Begin PBXFileReference section */
		E220E080161B21C500899612 /* spreadsheet.png */ = {isa = PBXFileReference; lastKnownFileType = image.png; path = spreadsheet.png; sourceTree = "<group>"; };
		E220E084161B221800899612 /* spreadsheet.icns */ = {isa = PBXFileReference; lastKnownFileType = image.icns; path = spreadsheet.icns; sourceTree = "<group>"; };
		E2A7F27A16152793006D8A4A /* Template.xlsx */ = {isa = PBXFileReference; lastKnownFileType = file; path = Template.xlsx; sourceTree = "<group>"; };
		E2CED41A161430ED00E593F7 /* SpreadsheetWriter.app */ = {isa = PBXFileReference; explicitFileType = wrapper.application; includeInIndex = 0; path = SpreadsheetWriter.app; sourceTree = BUILT_PRODUCTS_DIR; };
		E2CED41E161430ED00E593F7 /* Cocoa.framework */ = {isa = PBXFileReference; lastKnownFileType = wrapper.framework; name = Cocoa.framework; path = System/Library/Frameworks/Cocoa.framework; sourceTree = SDKROOT; };
		E2CED421161430ED00E593F7 /* AppKit.framework */ = {isa = PBXFileReference; lastKnownFileType = wrapper.framework; name = AppKit.framework; path = System/Library/Frameworks/AppKit.framework; sourceTree = SDKROOT; };
		E2CED422161430ED00E593F7 /* CoreData.framework */ = {isa = PBXFileReference; lastKnownFileType = wrapper.framework; name = CoreData.framework; path = System/Library/Frameworks/CoreData.framework; sourceTree = SDKROOT; };
		E2CED423161430ED00E593F7 /* Foundation.framework */ = {isa = PBXFileReference; lastKnownFileType = wrapper.framework; name = Foundation.framework; path = System/Library/Frameworks/Foundation.framework; sourceTree = SDKROOT; };
		E2CED426161430ED00E593F7 /* SpreadsheetWriter-Info.plist */ = {isa = PBXFileReference; lastKnownFileType = text.plist.xml; path = "SpreadsheetWriter-Info.plist"; sourceTree = "<group>"; };
		E2CED428161430ED00E593F7 /* en */ = {isa = PBXFileReference; lastKnownFileType = text.plist.strings; name = en; path = en.lproj/InfoPlist.strings; sourceTree = "<group>"; };
		E2CED42A161430ED00E593F7 /* main.m */ = {isa = PBXFileReference; lastKnownFileType = sourcecode.c.objc; path = main.m; sourceTree = "<group>"; };
		E2CED42C161430ED00E593F7 /* SpreadsheetWriter-Prefix.pch */ = {isa = PBXFileReference; lastKnownFileType = sourcecode.c.h; path = "SpreadsheetWriter-Prefix.pch"; sourceTree = "<group>"; };
		E2CED42E161430ED00E593F7 /* en */ = {isa = PBXFileReference; lastKnownFileType = text.rtf; name = en; path = en.lproj/Credits.rtf; sourceTree = "<group>"; };
		E2CED430161430ED00E593F7 /* EWAppDelegate.h */ = {isa = PBXFileReference; lastKnownFileType = sourcecode.c.h; path = EWAppDelegate.h; sourceTree = "<group>"; };
		E2CED431161430ED00E593F7 /* EWAppDelegate.m */ = {isa = PBXFileReference; lastKnownFileType = sourcecode.c.objc; path = EWAppDelegate.m; sourceTree = "<group>"; };
		E2CED434161430ED00E593F7 /* en */ = {isa = PBXFileReference; lastKnownFileType = file.xib; name = en; path = en.lproj/MainMenu.xib; sourceTree = "<group>"; };
		E2CED4501614523800E593F7 /* SSZipArchive.h */ = {isa = PBXFileReference; fileEncoding = 4; lastKnownFileType = sourcecode.c.h; path = SSZipArchive.h; sourceTree = "<group>"; };
		E2CED4511614523800E593F7 /* SSZipArchive.m */ = {isa = PBXFileReference; fileEncoding = 4; lastKnownFileType = sourcecode.c.objc; path = SSZipArchive.m; sourceTree = "<group>"; };
		E2CED454161454BB00E593F7 /* crypt.h */ = {isa = PBXFileReference; fileEncoding = 4; lastKnownFileType = sourcecode.c.h; path = crypt.h; sourceTree = "<group>"; };
		E2CED455161454BB00E593F7 /* ioapi.c */ = {isa = PBXFileReference; fileEncoding = 4; lastKnownFileType = sourcecode.c.c; path = ioapi.c; sourceTree = "<group>"; };
		E2CED456161454BB00E593F7 /* ioapi.h */ = {isa = PBXFileReference; fileEncoding = 4; lastKnownFileType = sourcecode.c.h; path = ioapi.h; sourceTree = "<group>"; };
		E2CED457161454BB00E593F7 /* mztools.c */ = {isa = PBXFileReference; fileEncoding = 4; lastKnownFileType = sourcecode.c.c; path = mztools.c; sourceTree = "<group>"; };
		E2CED458161454BB00E593F7 /* mztools.h */ = {isa = PBXFileReference; fileEncoding = 4; lastKnownFileType = sourcecode.c.h; path = mztools.h; sourceTree = "<group>"; };
		E2CED459161454BB00E593F7 /* unzip.c */ = {isa = PBXFileReference; fileEncoding = 4; lastKnownFileType = sourcecode.c.c; path = unzip.c; sourceTree = "<group>"; };
		E2CED45A161454BB00E593F7 /* unzip.h */ = {isa = PBXFileReference; fileEncoding = 4; lastKnownFileType = sourcecode.c.h; path = unzip.h; sourceTree = "<group>"; };
		E2CED45B161454BB00E593F7 /* zip.c */ = {isa = PBXFileReference; fileEncoding = 4; lastKnownFileType = sourcecode.c.c; path = zip.c; sourceTree = "<group>"; };
		E2CED45C161454BB00E593F7 /* zip.h */ = {isa = PBXFileReference; fileEncoding = 4; lastKnownFileType = sourcecode.c.h; path = zip.h; sourceTree = "<group>"; };
		E2CED4611614551800E593F7 /* libz.dylib */ = {isa = PBXFileReference; lastKnownFileType = "compiled.mach-o.dylib"; name = libz.dylib; path = usr/lib/libz.dylib; sourceTree = SDKROOT; };
		E2CED463161455A700E593F7 /* SpreadsheetWriter.h */ = {isa = PBXFileReference; fileEncoding = 4; lastKnownFileType = sourcecode.c.h; path = SpreadsheetWriter.h; sourceTree = "<group>"; };
		E2CED464161455A700E593F7 /* SpreadsheetWriter.m */ = {isa = PBXFileReference; fileEncoding = 4; lastKnownFileType = sourcecode.c.objc; path = SpreadsheetWriter.m; sourceTree = "<group>"; };
		E2D3CDE1161AC4D20036D796 /* Template.ods */ = {isa = PBXFileReference; lastKnownFileType = file; path = Template.ods; sourceTree = "<group>"; };
/* End PBXFileReference section */

/* Begin PBXFrameworksBuildPhase section */
		E2CED417161430ED00E593F7 /* Frameworks */ = {
			isa = PBXFrameworksBuildPhase;
			buildActionMask = 2147483647;
			files = (
				E2CED4621614551800E593F7 /* libz.dylib in Frameworks */,
				E2CED41F161430ED00E593F7 /* Cocoa.framework in Frameworks */,
			);
			runOnlyForDeploymentPostprocessing = 0;
		};
/* End PBXFrameworksBuildPhase section */

/* Begin PBXGroup section */
		E2A7F27C161527A0006D8A4A /* Resources */ = {
			isa = PBXGroup;
			children = (
				E220E080161B21C500899612 /* spreadsheet.png */,
				E220E084161B221800899612 /* spreadsheet.icns */,
				E2A7F27A16152793006D8A4A /* Template.xlsx */,
				E2D3CDE1161AC4D20036D796 /* Template.ods */,
			);
			name = Resources;
			path = ExcelWriter;
			sourceTree = "<group>";
		};
		E2CED40F161430ED00E593F7 = {
			isa = PBXGroup;
			children = (
				E2CED424161430ED00E593F7 /* ExcelWriter */,
				E2A7F27C161527A0006D8A4A /* Resources */,
				E2CED44C1614358B00E593F7 /* Utilities */,
				E2CED41D161430ED00E593F7 /* Frameworks */,
				E2CED41B161430ED00E593F7 /* Products */,
			);
			sourceTree = "<group>";
		};
		E2CED41B161430ED00E593F7 /* Products */ = {
			isa = PBXGroup;
			children = (
				E2CED41A161430ED00E593F7 /* SpreadsheetWriter.app */,
			);
			name = Products;
			sourceTree = "<group>";
		};
		E2CED41D161430ED00E593F7 /* Frameworks */ = {
			isa = PBXGroup;
			children = (
				E2CED4611614551800E593F7 /* libz.dylib */,
				E2CED41E161430ED00E593F7 /* Cocoa.framework */,
				E2CED420161430ED00E593F7 /* Other Frameworks */,
			);
			name = Frameworks;
			sourceTree = "<group>";
		};
		E2CED420161430ED00E593F7 /* Other Frameworks */ = {
			isa = PBXGroup;
			children = (
				E2CED421161430ED00E593F7 /* AppKit.framework */,
				E2CED422161430ED00E593F7 /* CoreData.framework */,
				E2CED423161430ED00E593F7 /* Foundation.framework */,
			);
			name = "Other Frameworks";
			sourceTree = "<group>";
		};
		E2CED424161430ED00E593F7 /* ExcelWriter */ = {
			isa = PBXGroup;
			children = (
				E2CED430161430ED00E593F7 /* EWAppDelegate.h */,
				E2CED431161430ED00E593F7 /* EWAppDelegate.m */,
				E2CED433161430ED00E593F7 /* MainMenu.xib */,
				E2CED425161430ED00E593F7 /* Supporting Files */,
				E2CED463161455A700E593F7 /* SpreadsheetWriter.h */,
				E2CED464161455A700E593F7 /* SpreadsheetWriter.m */,
			);
			path = ExcelWriter;
			sourceTree = "<group>";
		};
		E2CED425161430ED00E593F7 /* Supporting Files */ = {
			isa = PBXGroup;
			children = (
				E2CED426161430ED00E593F7 /* SpreadsheetWriter-Info.plist */,
				E2CED427161430ED00E593F7 /* InfoPlist.strings */,
				E2CED42A161430ED00E593F7 /* main.m */,
				E2CED42C161430ED00E593F7 /* SpreadsheetWriter-Prefix.pch */,
				E2CED42D161430ED00E593F7 /* Credits.rtf */,
			);
			name = "Supporting Files";
			sourceTree = "<group>";
		};
		E2CED44C1614358B00E593F7 /* Utilities */ = {
			isa = PBXGroup;
			children = (
				E2CED453161454BB00E593F7 /* minizip */,
				E2CED4501614523800E593F7 /* SSZipArchive.h */,
				E2CED4511614523800E593F7 /* SSZipArchive.m */,
			);
			name = Utilities;
			path = ExcelWriter;
			sourceTree = "<group>";
		};
		E2CED453161454BB00E593F7 /* minizip */ = {
			isa = PBXGroup;
			children = (
				E2CED454161454BB00E593F7 /* crypt.h */,
				E2CED455161454BB00E593F7 /* ioapi.c */,
				E2CED456161454BB00E593F7 /* ioapi.h */,
				E2CED457161454BB00E593F7 /* mztools.c */,
				E2CED458161454BB00E593F7 /* mztools.h */,
				E2CED459161454BB00E593F7 /* unzip.c */,
				E2CED45A161454BB00E593F7 /* unzip.h */,
				E2CED45B161454BB00E593F7 /* zip.c */,
				E2CED45C161454BB00E593F7 /* zip.h */,
			);
			path = minizip;
			sourceTree = "<group>";
		};
/* End PBXGroup section */

/* Begin PBXNativeTarget section */
		E2CED419161430ED00E593F7 /* SpreadsheetWriter */ = {
			isa = PBXNativeTarget;
			buildConfigurationList = E2CED438161430ED00E593F7 /* Build configuration list for PBXNativeTarget "SpreadsheetWriter" */;
			buildPhases = (
				E2CED416161430ED00E593F7 /* Sources */,
				E2CED417161430ED00E593F7 /* Frameworks */,
				E2CED418161430ED00E593F7 /* Resources */,
			);
			buildRules = (
			);
			dependencies = (
			);
			name = SpreadsheetWriter;
			productName = ExcelWriter;
			productReference = E2CED41A161430ED00E593F7 /* SpreadsheetWriter.app */;
			productType = "com.apple.product-type.application";
		};
/* End PBXNativeTarget section */

/* Begin PBXProject section */
		E2CED411161430ED00E593F7 /* Project object */ = {
			isa = PBXProject;
			attributes = {
				CLASSPREFIX = EW;
				LastUpgradeCheck = 0440;
				ORGANIZATIONNAME = "Tom Grill";
			};
			buildConfigurationList = E2CED414161430ED00E593F7 /* Build configuration list for PBXProject "SpreadsheetWriter" */;
			compatibilityVersion = "Xcode 3.2";
			developmentRegion = English;
			hasScannedForEncodings = 0;
			knownRegions = (
				en,
			);
			mainGroup = E2CED40F161430ED00E593F7;
			productRefGroup = E2CED41B161430ED00E593F7 /* Products */;
			projectDirPath = "";
			projectRoot = "";
			targets = (
				E2CED419161430ED00E593F7 /* SpreadsheetWriter */,
			);
		};
/* End PBXProject section */

/* Begin PBXResourcesBuildPhase section */
		E2CED418161430ED00E593F7 /* Resources */ = {
			isa = PBXResourcesBuildPhase;
			buildActionMask = 2147483647;
			files = (
				E2CED429161430ED00E593F7 /* InfoPlist.strings in Resources */,
				E2CED42F161430ED00E593F7 /* Credits.rtf in Resources */,
				E2CED435161430ED00E593F7 /* MainMenu.xib in Resources */,
				E220E07A161B1D9C00899612 /* Template.ods in Resources */,
				E2A7F27B16152793006D8A4A /* Template.xlsx in Resources */,
				E220E081161B21C500899612 /* spreadsheet.png in Resources */,
				E220E085161B221800899612 /* spreadsheet.icns in Resources */,
			);
			runOnlyForDeploymentPostprocessing = 0;
		};
/* End PBXResourcesBuildPhase section */

/* Begin PBXSourcesBuildPhase section */
		E2CED416161430ED00E593F7 /* Sources */ = {
			isa = PBXSourcesBuildPhase;
			buildActionMask = 2147483647;
			files = (
				E2CED42B161430ED00E593F7 /* main.m in Sources */,
				E2CED432161430ED00E593F7 /* EWAppDelegate.m in Sources */,
				E2CED4521614523800E593F7 /* SSZipArchive.m in Sources */,
				E2CED45D161454BB00E593F7 /* ioapi.c in Sources */,
				E2CED45E161454BB00E593F7 /* mztools.c in Sources */,
				E2CED45F161454BB00E593F7 /* unzip.c in Sources */,
				E2CED460161454BB00E593F7 /* zip.c in Sources */,
				E2CED465161455A700E593F7 /* SpreadsheetWriter.m in Sources */,
			);
			runOnlyForDeploymentPostprocessing = 0;
		};
/* End PBXSourcesBuildPhase section */

/* Begin PBXVariantGroup section */
		E2CED427161430ED00E593F7 /* InfoPlist.strings */ = {
			isa = PBXVariantGroup;
			children = (
				E2CED428161430ED00E593F7 /* en */,
			);
			name = InfoPlist.strings;
			sourceTree = "<group>";
		};
		E2CED42D161430ED00E593F7 /* Credits.rtf */ = {
			isa = PBXVariantGroup;
			children = (
				E2CED42E161430ED00E593F7 /* en */,
			);
			name = Credits.rtf;
			sourceTree = "<group>";
		};
		E2CED433161430ED00E593F7 /* MainMenu.xib */ = {
			isa = PBXVariantGroup;
			children = (
				E2CED434161430ED00E593F7 /* en */,
			);
			name = MainMenu.xib;
			sourceTree = "<group>";
		};
/* End PBXVariantGroup section */

/* Begin XCBuildConfiguration section */
		E2CED436161430ED00E593F7 /* Debug */ = {
			isa = XCBuildConfiguration;
			buildSettings = {
				ALWAYS_SEARCH_USER_PATHS = NO;
				ARCHS = "$(ARCHS_STANDARD_64_BIT)";
				CLANG_CXX_LANGUAGE_STANDARD = "gnu++0x";
				CLANG_ENABLE_OBJC_ARC = YES;
				CLANG_WARN__DUPLICATE_METHOD_MATCH = YES;
				COPY_PHASE_STRIP = NO;
				GCC_C_LANGUAGE_STANDARD = gnu99;
				GCC_DYNAMIC_NO_PIC = NO;
				GCC_ENABLE_OBJC_EXCEPTIONS = YES;
				GCC_OPTIMIZATION_LEVEL = 0;
				GCC_PREPROCESSOR_DEFINITIONS = (
					"DEBUG=1",
					"$(inherited)",
				);
				GCC_SYMBOLS_PRIVATE_EXTERN = NO;
				GCC_WARN_64_TO_32_BIT_CONVERSION = YES;
				GCC_WARN_ABOUT_RETURN_TYPE = YES;
				GCC_WARN_UNINITIALIZED_AUTOS = YES;
				GCC_WARN_UNUSED_VARIABLE = YES;
				MACOSX_DEPLOYMENT_TARGET = 10.7;
				ONLY_ACTIVE_ARCH = YES;
				SDKROOT = macosx;
			};
			name = Debug;
		};
		E2CED437161430ED00E593F7 /* Release */ = {
			isa = XCBuildConfiguration;
			buildSettings = {
				ALWAYS_SEARCH_USER_PATHS = NO;
				ARCHS = "$(ARCHS_STANDARD_64_BIT)";
				CLANG_CXX_LANGUAGE_STANDARD = "gnu++0x";
				CLANG_ENABLE_OBJC_ARC = YES;
				CLANG_WARN__DUPLICATE_METHOD_MATCH = YES;
				COPY_PHASE_STRIP = YES;
				DEBUG_INFORMATION_FORMAT = "dwarf-with-dsym";
				GCC_C_LANGUAGE_STANDARD = gnu99;
				GCC_ENABLE_OBJC_EXCEPTIONS = YES;
				GCC_WARN_64_TO_32_BIT_CONVERSION = YES;
				GCC_WARN_ABOUT_RETURN_TYPE = YES;
				GCC_WARN_UNINITIALIZED_AUTOS = YES;
				GCC_WARN_UNUSED_VARIABLE = YES;
				MACOSX_DEPLOYMENT_TARGET = 10.7;
				SDKROOT = macosx;
			};
			name = Release;
		};
		E2CED439161430ED00E593F7 /* Debug */ = {
			isa = XCBuildConfiguration;
			buildSettings = {
				ARCHS = "$(ARCHS_STANDARD_32_64_BIT)";
				CLANG_ENABLE_OBJC_ARC = NO;
				COMBINE_HIDPI_IMAGES = YES;
				GCC_PRECOMPILE_PREFIX_HEADER = YES;
				GCC_PREFIX_HEADER = "ExcelWriter/SpreadsheetWriter-Prefix.pch";
				INFOPLIST_FILE = "ExcelWriter/SpreadsheetWriter-Info.plist";
				PRODUCT_NAME = SpreadsheetWriter;
				WRAPPER_EXTENSION = app;
			};
			name = Debug;
		};
		E2CED43A161430ED00E593F7 /* Release */ = {
			isa = XCBuildConfiguration;
			buildSettings = {
				ARCHS = "$(ARCHS_STANDARD_32_64_BIT)";
				CLANG_ENABLE_OBJC_ARC = NO;
				COMBINE_HIDPI_IMAGES = YES;
				GCC_PRECOMPILE_PREFIX_HEADER = YES;
				GCC_PREFIX_HEADER = "ExcelWriter/SpreadsheetWriter-Prefix.pch";
				INFOPLIST_FILE = "ExcelWriter/SpreadsheetWriter-Info.plist";
				PRODUCT_NAME = SpreadsheetWriter;
				WRAPPER_EXTENSION = app;
			};
			name = Release;
		};
/* End XCBuildConfiguration section */

/* Begin XCConfigurationList section */
		E2CED414161430ED00E593F7 /* Build configuration list for PBXProject "SpreadsheetWriter" */ = {
			isa = XCConfigurationList;
			buildConfigurations = (
				E2CED436161430ED00E593F7 /* Debug */,
				E2CED437161430ED00E593F7 /* Release */,
			);
			defaultConfigurationIsVisible = 0;
			defaultConfigurationName = Release;
		};
		E2CED438161430ED00E593F7 /* Build configuration list for PBXNativeTarget "SpreadsheetWriter" */ = {
			isa = XCConfigurationList;
			buildConfigurations = (
				E2CED439161430ED00E593F7 /* Debug */,
				E2CED43A161430ED00E593F7 /* Release */,
			);
			defaultConfigurationIsVisible = 0;
			defaultConfigurationName = Release;
		};
/* End XCConfigurationList section */
	};
	rootObject = E2CED411161430ED00E593F7 /* Project object */;
}
